Microsoft Visual Studio Solution File, Format Version 12.00
# Visual Studio 2012
VisualStudioVersion = 12.0.0.0
MinimumVisualStudioVersion = 10.0.0.1
Project("{FAE04EC0-301F-11D3-BF4B-00C04F79EFBC}") = "Infoplus", "src\Infoplus\Infoplus.csproj", "{E470CF8A-4CFD-457B-9A1C-8FD7B7A532C1}"
EndProject
Project("{FAE04EC0-301F-11D3-BF4B-00C04F79EFBC}") = "Infoplus.Test", "src\Infoplus.Test\Infoplus.Test.csproj", "{19F1DEBC-DE5E-4517-8062-F000CD499087}"
EndProject
Global
	GlobalSection(SolutionConfigurationPlatforms) = preSolution
		Debug|Any CPU = Debug|Any CPU
		Release|Any CPU = Release|Any CPU
	EndGlobalSection
	GlobalSection(ProjectConfigurationPlatforms) = postSolution
		{E470CF8A-4CFD-457B-9A1C-8FD7B7A532C1}.Debug|Any CPU.ActiveCfg = Debug|Any CPU
		{E470CF8A-4CFD-457B-9A1C-8FD7B7A532C1}.Debug|Any CPU.Build.0 = Debug|Any CPU
		{E470CF8A-4CFD-457B-9A1C-8FD7B7A532C1}.Release|Any CPU.ActiveCfg = Release|Any CPU
		{E470CF8A-4CFD-457B-9A1C-8FD7B7A532C1}.Release|Any CPU.Build.0 = Release|Any CPU
		{19F1DEBC-DE5E-4517-8062-F000CD499087}.Debug|Any CPU.ActiveCfg = Debug|Any CPU
		{19F1DEBC-DE5E-4517-8062-F000CD499087}.Debug|Any CPU.Build.0 = Debug|Any CPU
		{19F1DEBC-DE5E-4517-8062-F000CD499087}.Release|Any CPU.ActiveCfg = Release|Any CPU
		{19F1DEBC-DE5E-4517-8062-F000CD499087}.Release|Any CPU.Build.0 = Release|Any CPU
	EndGlobalSection
	GlobalSection(SolutionProperties) = preSolution
		HideSolutionNode = FALSE
	EndGlobalSection
EndGlobal